
Microsoft Visual Studio Solution File, Format Version 12.00
# Visual Studio Version 16
VisualStudioVersion = 16.0.31005.135
MinimumVisualStudioVersion = 10.0.40219.1
Project("{FAE04EC0-301F-11D3-BF4B-00C04F79EFBC}") = "BookStore-API", "BookStore-API\BookStore-API.csproj", "{3B131236-80D3-47A4-9940-AC332443CF42}"
EndProject
Global
	GlobalSection(SolutionConfigurationPlatforms) = preSolution
		Debug|Any CPU = Debug|Any CPU
		Release|Any CPU = Release|Any CPU
	EndGlobalSection
	GlobalSection(ProjectConfigurationPlatforms) = postSolution
		{3B131236-80D3-47A4-9940-AC332443CF42}.Debug|Any CPU.ActiveCfg = Debug|Any CPU
		{3B131236-80D3-47A4-9940-AC332443CF42}.Debug|Any CPU.Build.0 = Debug|Any CPU
		{3B131236-80D3-47A4-9940-AC332443CF42}.Release|Any CPU.ActiveCfg = Release|Any CPU
		{3B131236-80D3-47A4-9940-AC332443CF42}.Release|Any CPU.Build.0 = Release|Any CPU
	EndGlobalSection
	GlobalSection(SolutionProperties) = preSolution
		HideSolutionNode = FALSE
	EndGlobalSection
	GlobalSection(ExtensibilityGlobals) = postSolution
		SolutionGuid = {8A416916-D1DA-44E0-9FDD-3B5DDCA7535E}
	EndGlobalSection
EndGlobal
